
Microsoft Visual Studio Solution File, Format Version 12.00
# Visual Studio Version 16
VisualStudioVersion = 16.0.31702.278
MinimumVisualStudioVersion = 10.0.40219.1
Project("{9A19103F-16F7-4668-BE54-9A1E7A4F7556}") = "MoodCheckProgram20", "MoodCheckProgram20\MoodCheckProgram20.csproj", "{DF2D8020-4335-42BE-A498-2F3A0573E6D8}"
EndProject
Project("{FAE04EC0-301F-11D3-BF4B-00C04F79EFBC}") = "moodAnalysisTest", "moodAnalysisTest\moodAnalysisTest.csproj", "{03AAEBA7-FC9B-496E-B84B-9FF87BF21FD0}"
EndProject
Global
	GlobalSection(SolutionConfigurationPlatforms) = preSolution
		Debug|Any CPU = Debug|Any CPU
		Release|Any CPU = Release|Any CPU
	EndGlobalSection
	GlobalSection(ProjectConfigurationPlatforms) = postSolution
		{DF2D8020-4335-42BE-A498-2F3A0573E6D8}.Debug|Any CPU.ActiveCfg = Debug|Any CPU
		{DF2D8020-4335-42BE-A498-2F3A0573E6D8}.Debug|Any CPU.Build.0 = Debug|Any CPU
		{DF2D8020-4335-42BE-A498-2F3A0573E6D8}.Release|Any CPU.ActiveCfg = Release|Any CPU
		{DF2D8020-4335-42BE-A498-2F3A0573E6D8}.Release|Any CPU.Build.0 = Release|Any CPU
		{03AAEBA7-FC9B-496E-B84B-9FF87BF21FD0}.Debug|Any CPU.ActiveCfg = Debug|Any CPU
		{03AAEBA7-FC9B-496E-B84B-9FF87BF21FD0}.Debug|Any CPU.Build.0 = Debug|Any CPU
		{03AAEBA7-FC9B-496E-B84B-9FF87BF21FD0}.Release|Any CPU.ActiveCfg = Release|Any CPU
		{03AAEBA7-FC9B-496E-B84B-9FF87BF21FD0}.Release|Any CPU.Build.0 = Release|Any CPU
	EndGlobalSection
	GlobalSection(SolutionProperties) = preSolution
		HideSolutionNode = FALSE
	EndGlobalSection
	GlobalSection(ExtensibilityGlobals) = postSolution
		SolutionGuid = {97441469-0A1C-4A77-97AF-4F96B593B8BD}
	EndGlobalSection
EndGlobal
